// !$*UTF8*$!
{
	archiveVersion = 1;
	classes = {
	};
	objectVersion = 51;
	objects = {

/* Begin PBXBuildFile section */
		60BBE6E0D8F30028D4325654 /* libPods-Yodo1MasSdkDemoTests.a in Frameworks */ = {isa = PBXBuildFile; fileRef = 9C9427DEB35FFB6FF40BB2E6 /* libPods-Yodo1MasSdkDemoTests.a */; };
		85B7F4627858CB43A9F487A9 /* libPods-Yodo1MasSdkDemoUITests.a in Frameworks */ = {isa = PBXBuildFile; fileRef = 323B7A792EA5C825A08386A6 /* libPods-Yodo1MasSdkDemoUITests.a */; };
		B9A88A9825AB3EEE00AC266B /* AppDelegate.m in Sources */ = {isa = PBXBuildFile; fileRef = B9A88A9725AB3EEE00AC266B /* AppDelegate.m */; };
		B9A88A9B25AB3EEE00AC266B /* SceneDelegate.m in Sources */ = {isa = PBXBuildFile; fileRef = B9A88A9A25AB3EEE00AC266B /* SceneDelegate.m */; };
		B9A88A9E25AB3EEE00AC266B /* ViewController.m in Sources */ = {isa = PBXBuildFile; fileRef = B9A88A9D25AB3EEE00AC266B /* ViewController.m */; };
		B9A88AA125AB3EEE00AC266B /* Main.storyboard in Resources */ = {isa = PBXBuildFile; fileRef = B9A88A9F25AB3EEE00AC266B /* Main.storyboard */; };
		B9A88AA325AB3EEF00AC266B /* Assets.xcassets in Resources */ = {isa = PBXBuildFile; fileRef = B9A88AA225AB3EEF00AC266B /* Assets.xcassets */; };
		B9A88AA625AB3EEF00AC266B /* LaunchScreen.storyboard in Resources */ = {isa = PBXBuildFile; fileRef = B9A88AA425AB3EEF00AC266B /* LaunchScreen.storyboard */; };
		B9A88AA925AB3EEF00AC266B /* main.m in Sources */ = {isa = PBXBuildFile; fileRef = B9A88AA825AB3EEF00AC266B /* main.m */; };
		B9A88AB325AB3EEF00AC266B /* Yodo1MasSdkDemoTests.m in Sources */ = {isa = PBXBuildFile; fileRef = B9A88AB225AB3EEF00AC266B /* Yodo1MasSdkDemoTests.m */; };
		B9A88ABE25AB3EEF00AC266B /* Yodo1MasSdkDemoUITests.m in Sources */ = {isa = PBXBuildFile; fileRef = B9A88ABD25AB3EEF00AC266B /* Yodo1MasSdkDemoUITests.m */; };
		B9A88B4B25AC50D200AC266B /* InfoPlist.strings in Resources */ = {isa = PBXBuildFile; fileRef = B9A88B4D25AC50D200AC266B /* InfoPlist.strings */; };
		FB81543F764A7AB938526C18 /* libPods-Yodo1MasSdkDemo.a in Frameworks */ = {isa = PBXBuildFile; fileRef = 1AAFBE2C74FDB4DF1A5668EB /* libPods-Yodo1MasSdkDemo.a */; };
/* End PBXBuildFile section */

/* Begin PBXContainerItemProxy section */
		B9A88AAF25AB3EEF00AC266B /* PBXContainerItemProxy */ = {
			isa = PBXContainerItemProxy;
			containerPortal = B9A88A8B25AB3EEE00AC266B /* Project object */;
			proxyType = 1;
			remoteGlobalIDString = B9A88A9225AB3EEE00AC266B;
			remoteInfo = Yodo1MasSdkDemo;
		};
		B9A88ABA25AB3EEF00AC266B /* PBXContainerItemProxy */ = {
			isa = PBXContainerItemProxy;
			containerPortal = B9A88A8B25AB3EEE00AC266B /* Project object */;
			proxyType = 1;
			remoteGlobalIDString = B9A88A9225AB3EEE00AC266B;
			remoteInfo = Yodo1MasSdkDemo;
		};
/* End PBXContainerItemProxy section */

/* Begin PBXFileReference section */
		1AAFBE2C74FDB4DF1A5668EB /* libPods-Yodo1MasSdkDemo.a */ = {isa = PBXFileReference; explicitFileType = archive.ar; includeInIndex = 0; path = "libPods-Yodo1MasSdkDemo.a"; sourceTree = BUILT_PRODUCTS_DIR; };
		1B83157A324E91EA897B385A /* Pods-Yodo1MasSdkDemoTests.debug.xcconfig */ = {isa = PBXFileReference; includeInIndex = 1; lastKnownFileType = text.xcconfig; name = "Pods-Yodo1MasSdkDemoTests.debug.xcconfig"; path = "Target Support Files/Pods-Yodo1MasSdkDemoTests/Pods-Yodo1MasSdkDemoTests.debug.xcconfig"; sourceTree = "<group>"; };
		323B7A792EA5C825A08386A6 /* libPods-Yodo1MasSdkDemoUITests.a */ = {isa = PBXFileReference; explicitFileType = archive.ar; includeInIndex = 0; path = "libPods-Yodo1MasSdkDemoUITests.a"; sourceTree = BUILT_PRODUCTS_DIR; };
		42AE3D6A1B72D741E97518E2 /* Pods-Yodo1MasSdkDemoUITests.debug.xcconfig */ = {isa = PBXFileReference; includeInIndex = 1; lastKnownFileType = text.xcconfig; name = "Pods-Yodo1MasSdkDemoUITests.debug.xcconfig"; path = "Target Support Files/Pods-Yodo1MasSdkDemoUITests/Pods-Yodo1MasSdkDemoUITests.debug.xcconfig"; sourceTree = "<group>"; };
		766BBBD57295F9BA10F64199 /* Pods-Yodo1MasSdkDemoTests.release.xcconfig */ = {isa = PBXFileReference; includeInIndex = 1; lastKnownFileType = text.xcconfig; name = "Pods-Yodo1MasSdkDemoTests.release.xcconfig"; path = "Target Support Files/Pods-Yodo1MasSdkDemoTests/Pods-Yodo1MasSdkDemoTests.release.xcconfig"; sourceTree = "<group>"; };
		9C9427DEB35FFB6FF40BB2E6 /* libPods-Yodo1MasSdkDemoTests.a */ = {isa = PBXFileReference; explicitFileType = archive.ar; includeInIndex = 0; path = "libPods-Yodo1MasSdkDemoTests.a"; sourceTree = BUILT_PRODUCTS_DIR; };
		A415AFDD1468E4A853AB5CB8 /* Pods-Yodo1MasSdkDemoUITests.release.xcconfig */ = {isa = PBXFileReference; includeInIndex = 1; lastKnownFileType = text.xcconfig; name = "Pods-Yodo1MasSdkDemoUITests.release.xcconfig"; path = "Target Support Files/Pods-Yodo1MasSdkDemoUITests/Pods-Yodo1MasSdkDemoUITests.release.xcconfig"; sourceTree = "<group>"; };
		B9A88A9325AB3EEE00AC266B /* Yodo1MasSdkDemo.app */ = {isa = PBXFileReference; explicitFileType = wrapper.application; includeInIndex = 0; path = Yodo1MasSdkDemo.app; sourceTree = BUILT_PRODUCTS_DIR; };
		B9A88A9625AB3EEE00AC266B /* AppDelegate.h */ = {isa = PBXFileReference; lastKnownFileType = sourcecode.c.h; path = AppDelegate.h; sourceTree = "<group>"; };
		B9A88A9725AB3EEE00AC266B /* AppDelegate.m */ = {isa = PBXFileReference; lastKnownFileType = sourcecode.c.objc; path = AppDelegate.m; sourceTree = "<group>"; };
		B9A88A9925AB3EEE00AC266B /* SceneDelegate.h */ = {isa = PBXFileReference; lastKnownFileType = sourcecode.c.h; path = SceneDelegate.h; sourceTree = "<group>"; };
		B9A88A9A25AB3EEE00AC266B /* SceneDelegate.m */ = {isa = PBXFileReference; lastKnownFileType = sourcecode.c.objc; path = SceneDelegate.m; sourceTree = "<group>"; };
		B9A88A9C25AB3EEE00AC266B /* ViewController.h */ = {isa = PBXFileReference; lastKnownFileType = sourcecode.c.h; path = ViewController.h; sourceTree = "<group>"; };
		B9A88A9D25AB3EEE00AC266B /* ViewController.m */ = {isa = PBXFileReference; lastKnownFileType = sourcecode.c.objc; path = ViewController.m; sourceTree = "<group>"; };
		B9A88AA025AB3EEE00AC266B /* Base */ = {isa = PBXFileReference; lastKnownFileType = file.storyboard; name = Base; path = Base.lproj/Main.storyboard; sourceTree = "<group>"; };
		B9A88AA225AB3EEF00AC266B /* Assets.xcassets */ = {isa = PBXFileReference; lastKnownFileType = folder.assetcatalog; path = Assets.xcassets; sourceTree = "<group>"; };
		B9A88AA525AB3EEF00AC266B /* Base */ = {isa = PBXFileReference; lastKnownFileType = file.storyboard; name = Base; path = Base.lproj/LaunchScreen.storyboard; sourceTree = "<group>"; };
		B9A88AA725AB3EEF00AC266B /* Info.plist */ = {isa = PBXFileReference; lastKnownFileType = text.plist.xml; path = Info.plist; sourceTree = "<group>"; };
		B9A88AA825AB3EEF00AC266B /* main.m */ = {isa = PBXFileReference; lastKnownFileType = sourcecode.c.objc; path = main.m; sourceTree = "<group>"; };
		B9A88AAE25AB3EEF00AC266B /* Yodo1MasSdkDemoTests.xctest */ = {isa = PBXFileReference; explicitFileType = wrapper.cfbundle; includeInIndex = 0; path = Yodo1MasSdkDemoTests.xctest; sourceTree = BUILT_PRODUCTS_DIR; };
		B9A88AB225AB3EEF00AC266B /* Yodo1MasSdkDemoTests.m */ = {isa = PBXFileReference; lastKnownFileType = sourcecode.c.objc; path = Yodo1MasSdkDemoTests.m; sourceTree = "<group>"; };
		B9A88AB425AB3EEF00AC266B /* Info.plist */ = {isa = PBXFileReference; lastKnownFileType = text.plist.xml; path = Info.plist; sourceTree = "<group>"; };
		B9A88AB925AB3EEF00AC266B /* Yodo1MasSdkDemoUITests.xctest */ = {isa = PBXFileReference; explicitFileType = wrapper.cfbundle; includeInIndex = 0; path = Yodo1MasSdkDemoUITests.xctest; sourceTree = BUILT_PRODUCTS_DIR; };
		B9A88ABD25AB3EEF00AC266B /* Yodo1MasSdkDemoUITests.m */ = {isa = PBXFileReference; lastKnownFileType = sourcecode.c.objc; path = Yodo1MasSdkDemoUITests.m; sourceTree = "<group>"; };
		B9A88ABF25AB3EEF00AC266B /* Info.plist */ = {isa = PBXFileReference; lastKnownFileType = text.plist.xml; path = Info.plist; sourceTree = "<group>"; };
		B9A88B4325AC50C500AC266B /* zh-Hans */ = {isa = PBXFileReference; lastKnownFileType = text.plist.strings; name = "zh-Hans"; path = "zh-Hans.lproj/Main.strings"; sourceTree = "<group>"; };
		B9A88B4725AC50C500AC266B /* zh-Hans */ = {isa = PBXFileReference; lastKnownFileType = text.plist.strings; name = "zh-Hans"; path = "zh-Hans.lproj/LaunchScreen.strings"; sourceTree = "<group>"; };
		B9A88B4C25AC50D200AC266B /* en */ = {isa = PBXFileReference; lastKnownFileType = text.plist.strings; name = en; path = en.lproj/InfoPlist.strings; sourceTree = "<group>"; };
		B9A88B5125AC50D700AC266B /* zh-Hans */ = {isa = PBXFileReference; lastKnownFileType = text.plist.strings; name = "zh-Hans"; path = "zh-Hans.lproj/InfoPlist.strings"; sourceTree = "<group>"; };
		C6BEC552DCD8F5C85B694BB0 /* Pods-Yodo1MasSdkDemo.debug.xcconfig */ = {isa = PBXFileReference; includeInIndex = 1; lastKnownFileType = text.xcconfig; name = "Pods-Yodo1MasSdkDemo.debug.xcconfig"; path = "Target Support Files/Pods-Yodo1MasSdkDemo/Pods-Yodo1MasSdkDemo.debug.xcconfig"; sourceTree = "<group>"; };
		E35C888FF117A29F5BFF7877 /* Pods-Yodo1MasSdkDemo.release.xcconfig */ = {isa = PBXFileReference; includeInIndex = 1; lastKnownFileType = text.xcconfig; name = "Pods-Yodo1MasSdkDemo.release.xcconfig"; path = "Target Support Files/Pods-Yodo1MasSdkDemo/Pods-Yodo1MasSdkDemo.release.xcconfig"; sourceTree = "<group>"; };
/* End PBXFileReference section */

/* Begin PBXFrameworksBuildPhase section */
		B9A88A9025AB3EEE00AC266B /* Frameworks */ = {
			isa = PBXFrameworksBuildPhase;
			buildActionMask = 2147483647;
			files = (
				FB81543F764A7AB938526C18 /* libPods-Yodo1MasSdkDemo.a in Frameworks */,
			);
			runOnlyForDeploymentPostprocessing = 0;
		};
		B9A88AAB25AB3EEF00AC266B /* Frameworks */ = {
			isa = PBXFrameworksBuildPhase;
			buildActionMask = 2147483647;
			files = (
				60BBE6E0D8F30028D4325654 /* libPods-Yodo1MasSdkDemoTests.a in Frameworks */,
			);
			runOnlyForDeploymentPostprocessing = 0;
		};
		B9A88AB625AB3EEF00AC266B /* Frameworks */ = {
			isa = PBXFrameworksBuildPhase;
			buildActionMask = 2147483647;
			files = (
				85B7F4627858CB43A9F487A9 /* libPods-Yodo1MasSdkDemoUITests.a in Frameworks */,
			);
			runOnlyForDeploymentPostprocessing = 0;
		};
/* End PBXFrameworksBuildPhase section */

/* Begin PBXGroup section */
		0061B9F7E016CC9AAE735B90 /* Pods */ = {
			isa = PBXGroup;
			children = (
				C6BEC552DCD8F5C85B694BB0 /* Pods-Yodo1MasSdkDemo.debug.xcconfig */,
				E35C888FF117A29F5BFF7877 /* Pods-Yodo1MasSdkDemo.release.xcconfig */,
				1B83157A324E91EA897B385A /* Pods-Yodo1MasSdkDemoTests.debug.xcconfig */,
				766BBBD57295F9BA10F64199 /* Pods-Yodo1MasSdkDemoTests.release.xcconfig */,
				42AE3D6A1B72D741E97518E2 /* Pods-Yodo1MasSdkDemoUITests.debug.xcconfig */,
				A415AFDD1468E4A853AB5CB8 /* Pods-Yodo1MasSdkDemoUITests.release.xcconfig */,
			);
			path = Pods;
			sourceTree = "<group>";
		};
		53A4A9B90FF96AD5A8D3A016 /* Frameworks */ = {
			isa = PBXGroup;
			children = (
				1AAFBE2C74FDB4DF1A5668EB /* libPods-Yodo1MasSdkDemo.a */,
				9C9427DEB35FFB6FF40BB2E6 /* libPods-Yodo1MasSdkDemoTests.a */,
				323B7A792EA5C825A08386A6 /* libPods-Yodo1MasSdkDemoUITests.a */,
			);
			name = Frameworks;
			sourceTree = "<group>";
		};
		B9A88A8A25AB3EEE00AC266B = {
			isa = PBXGroup;
			children = (
				B9A88A9525AB3EEE00AC266B /* Yodo1MasSdkDemo */,
				B9A88AB125AB3EEF00AC266B /* Yodo1MasSdkDemoTests */,
				B9A88ABC25AB3EEF00AC266B /* Yodo1MasSdkDemoUITests */,
				B9A88A9425AB3EEE00AC266B /* Products */,
				0061B9F7E016CC9AAE735B90 /* Pods */,
				53A4A9B90FF96AD5A8D3A016 /* Frameworks */,
			);
			sourceTree = "<group>";
		};
		B9A88A9425AB3EEE00AC266B /* Products */ = {
			isa = PBXGroup;
			children = (
				B9A88A9325AB3EEE00AC266B /* Yodo1MasSdkDemo.app */,
				B9A88AAE25AB3EEF00AC266B /* Yodo1MasSdkDemoTests.xctest */,
				B9A88AB925AB3EEF00AC266B /* Yodo1MasSdkDemoUITests.xctest */,
			);
			name = Products;
			sourceTree = "<group>";
		};
		B9A88A9525AB3EEE00AC266B /* Yodo1MasSdkDemo */ = {
			isa = PBXGroup;
			children = (
				B9A88A9625AB3EEE00AC266B /* AppDelegate.h */,
				B9A88A9725AB3EEE00AC266B /* AppDelegate.m */,
				B9A88A9925AB3EEE00AC266B /* SceneDelegate.h */,
				B9A88A9A25AB3EEE00AC266B /* SceneDelegate.m */,
				B9A88A9C25AB3EEE00AC266B /* ViewController.h */,
				B9A88A9D25AB3EEE00AC266B /* ViewController.m */,
				B9A88A9F25AB3EEE00AC266B /* Main.storyboard */,
				B9A88AA225AB3EEF00AC266B /* Assets.xcassets */,
				B9A88AA425AB3EEF00AC266B /* LaunchScreen.storyboard */,
				B9A88AA725AB3EEF00AC266B /* Info.plist */,
				B9A88B4D25AC50D200AC266B /* InfoPlist.strings */,
				B9A88AA825AB3EEF00AC266B /* main.m */,
			);
			path = Yodo1MasSdkDemo;
			sourceTree = "<group>";
		};
		B9A88AB125AB3EEF00AC266B /* Yodo1MasSdkDemoTests */ = {
			isa = PBXGroup;
			children = (
				B9A88AB225AB3EEF00AC266B /* Yodo1MasSdkDemoTests.m */,
				B9A88AB425AB3EEF00AC266B /* Info.plist */,
			);
			path = Yodo1MasSdkDemoTests;
			sourceTree = "<group>";
		};
		B9A88ABC25AB3EEF00AC266B /* Yodo1MasSdkDemoUITests */ = {
			isa = PBXGroup;
			children = (
				B9A88ABD25AB3EEF00AC266B /* Yodo1MasSdkDemoUITests.m */,
				B9A88ABF25AB3EEF00AC266B /* Info.plist */,
			);
			path = Yodo1MasSdkDemoUITests;
			sourceTree = "<group>";
		};
/* End PBXGroup section */

/* Begin PBXNativeTarget section */
		B9A88A9225AB3EEE00AC266B /* Yodo1MasSdkDemo */ = {
			isa = PBXNativeTarget;
			buildConfigurationList = B9A88AC225AB3EEF00AC266B /* Build configuration list for PBXNativeTarget "Yodo1MasSdkDemo" */;
			buildPhases = (
				5F2212F4697FEC5C200F96E7 /* [CP] Check Pods Manifest.lock */,
				B9A88A8F25AB3EEE00AC266B /* Sources */,
				B9A88A9025AB3EEE00AC266B /* Frameworks */,
				B9A88A9125AB3EEE00AC266B /* Resources */,
				CE0D5E79EF327FED67202212 /* [CP] Copy Pods Resources */,
			);
			buildRules = (
			);
			dependencies = (
			);
			name = Yodo1MasSdkDemo;
			productName = Yodo1MasSdkDemo;
			productReference = B9A88A9325AB3EEE00AC266B /* Yodo1MasSdkDemo.app */;
			productType = "com.apple.product-type.application";
		};
		B9A88AAD25AB3EEF00AC266B /* Yodo1MasSdkDemoTests */ = {
			isa = PBXNativeTarget;
			buildConfigurationList = B9A88AC525AB3EEF00AC266B /* Build configuration list for PBXNativeTarget "Yodo1MasSdkDemoTests" */;
			buildPhases = (
				FEA119B5B83D9AB2C618A775 /* [CP] Check Pods Manifest.lock */,
				B9A88AAA25AB3EEF00AC266B /* Sources */,
				B9A88AAB25AB3EEF00AC266B /* Frameworks */,
				B9A88AAC25AB3EEF00AC266B /* Resources */,
			);
			buildRules = (
			);
			dependencies = (
				B9A88AB025AB3EEF00AC266B /* PBXTargetDependency */,
			);
			name = Yodo1MasSdkDemoTests;
			productName = Yodo1MasSdkDemoTests;
			productReference = B9A88AAE25AB3EEF00AC266B /* Yodo1MasSdkDemoTests.xctest */;
			productType = "com.apple.product-type.bundle.unit-test";
		};
		B9A88AB825AB3EEF00AC266B /* Yodo1MasSdkDemoUITests */ = {
			isa = PBXNativeTarget;
			buildConfigurationList = B9A88AC825AB3EEF00AC266B /* Build configuration list for PBXNativeTarget "Yodo1MasSdkDemoUITests" */;
			buildPhases = (
				3E9970756251E6D7541B6063 /* [CP] Check Pods Manifest.lock */,
				B9A88AB525AB3EEF00AC266B /* Sources */,
				B9A88AB625AB3EEF00AC266B /* Frameworks */,
				B9A88AB725AB3EEF00AC266B /* Resources */,
			);
			buildRules = (
			);
			dependencies = (
				B9A88ABB25AB3EEF00AC266B /* PBXTargetDependency */,
			);
			name = Yodo1MasSdkDemoUITests;
			productName = Yodo1MasSdkDemoUITests;
			productReference = B9A88AB925AB3EEF00AC266B /* Yodo1MasSdkDemoUITests.xctest */;
			productType = "com.apple.product-type.bundle.ui-testing";
		};
/* End PBXNativeTarget section */

/* Begin PBXProject section */
		B9A88A8B25AB3EEE00AC266B /* Project object */ = {
			isa = PBXProject;
			attributes = {
				LastUpgradeCheck = 1230;
				TargetAttributes = {
					B9A88A9225AB3EEE00AC266B = {
						CreatedOnToolsVersion = 12.3;
					};
					B9A88AAD25AB3EEF00AC266B = {
						CreatedOnToolsVersion = 12.3;
						TestTargetID = B9A88A9225AB3EEE00AC266B;
					};
					B9A88AB825AB3EEF00AC266B = {
						CreatedOnToolsVersion = 12.3;
						TestTargetID = B9A88A9225AB3EEE00AC266B;
					};
				};
			};
			buildConfigurationList = B9A88A8E25AB3EEE00AC266B /* Build configuration list for PBXProject "Yodo1MasSdkDemo" */;
			compatibilityVersion = "Xcode 9.3";
			developmentRegion = en;
			hasScannedForEncodings = 0;
			knownRegions = (
				en,
				Base,
				"zh-Hans",
			);
			mainGroup = B9A88A8A25AB3EEE00AC266B;
			productRefGroup = B9A88A9425AB3EEE00AC266B /* Products */;
			projectDirPath = "";
			projectRoot = "";
			targets = (
				B9A88A9225AB3EEE00AC266B /* Yodo1MasSdkDemo */,
				B9A88AAD25AB3EEF00AC266B /* Yodo1MasSdkDemoTests */,
				B9A88AB825AB3EEF00AC266B /* Yodo1MasSdkDemoUITests */,
			);
		};
/* End PBXProject section */

/* Begin PBXResourcesBuildPhase section */
		B9A88A9125AB3EEE00AC266B /* Resources */ = {
			isa = PBXResourcesBuildPhase;
			buildActionMask = 2147483647;
			files = (
				B9A88AA625AB3EEF00AC266B /* LaunchScreen.storyboard in Resources */,
				B9A88B4B25AC50D200AC266B /* InfoPlist.strings in Resources */,
				B9A88AA325AB3EEF00AC266B /* Assets.xcassets in Resources */,
				B9A88AA125AB3EEE00AC266B /* Main.storyboard in Resources */,
			);
			runOnlyForDeploymentPostprocessing = 0;
		};
		B9A88AAC25AB3EEF00AC266B /* Resources */ = {
			isa = PBXResourcesBuildPhase;
			buildActionMask = 2147483647;
			files = (
			);
			runOnlyForDeploymentPostprocessing = 0;
		};
		B9A88AB725AB3EEF00AC266B /* Resources */ = {
			isa = PBXResourcesBuildPhase;
			buildActionMask = 2147483647;
			files = (
			);
			runOnlyForDeploymentPostprocessing = 0;
		};
/* End PBXResourcesBuildPhase section */

/* Begin PBXShellScriptBuildPhase section */
		3E9970756251E6D7541B6063 /* [CP] Check Pods Manifest.lock */ = {
			isa = PBXShellScriptBuildPhase;
			buildActionMask = 2147483647;
			files = (
			);
			inputFileListPaths = (
			);
			inputPaths = (
				"${PODS_PODFILE_DIR_PATH}/Podfile.lock",
				"${PODS_ROOT}/Manifest.lock",
			);
			name = "[CP] Check Pods Manifest.lock";
			outputFileListPaths = (
			);
			outputPaths = (
				"$(DERIVED_FILE_DIR)/Pods-Yodo1MasSdkDemoUITests-checkManifestLockResult.txt",
			);
			runOnlyForDeploymentPostprocessing = 0;
			shellPath = /bin/sh;
			shellScript = "diff \"${PODS_PODFILE_DIR_PATH}/Podfile.lock\" \"${PODS_ROOT}/Manifest.lock\" > /dev/null\nif [ $? != 0 ] ; then\n    # print error to STDERR\n    echo \"error: The sandbox is not in sync with the Podfile.lock. Run 'pod install' or update your CocoaPods installation.\" >&2\n    exit 1\nfi\n# This output is used by Xcode 'outputs' to avoid re-running this script phase.\necho \"SUCCESS\" > \"${SCRIPT_OUTPUT_FILE_0}\"\n";
			showEnvVarsInLog = 0;
		};
		5F2212F4697FEC5C200F96E7 /* [CP] Check Pods Manifest.lock */ = {
			isa = PBXShellScriptBuildPhase;
			buildActionMask = 2147483647;
			files = (
			);
			inputFileListPaths = (
			);
			inputPaths = (
				"${PODS_PODFILE_DIR_PATH}/Podfile.lock",
				"${PODS_ROOT}/Manifest.lock",
			);
			name = "[CP] Check Pods Manifest.lock";
			outputFileListPaths = (
			);
			outputPaths = (
				"$(DERIVED_FILE_DIR)/Pods-Yodo1MasSdkDemo-checkManifestLockResult.txt",
			);
			runOnlyForDeploymentPostprocessing = 0;
			shellPath = /bin/sh;
			shellScript = "diff \"${PODS_PODFILE_DIR_PATH}/Podfile.lock\" \"${PODS_ROOT}/Manifest.lock\" > /dev/null\nif [ $? != 0 ] ; then\n    # print error to STDERR\n    echo \"error: The sandbox is not in sync with the Podfile.lock. Run 'pod install' or update your CocoaPods installation.\" >&2\n    exit 1\nfi\n# This output is used by Xcode 'outputs' to avoid re-running this script phase.\necho \"SUCCESS\" > \"${SCRIPT_OUTPUT_FILE_0}\"\n";
			showEnvVarsInLog = 0;
		};
		CE0D5E79EF327FED67202212 /* [CP] Copy Pods Resources */ = {
			isa = PBXShellScriptBuildPhase;
			buildActionMask = 2147483647;
			files = (
			);
			inputFileListPaths = (
				"${PODS_ROOT}/Target Support Files/Pods-Yodo1MasSdkDemo/Pods-Yodo1MasSdkDemo-resources-${CONFIGURATION}-input-files.xcfilelist",
			);
			name = "[CP] Copy Pods Resources";
			outputFileListPaths = (
				"${PODS_ROOT}/Target Support Files/Pods-Yodo1MasSdkDemo/Pods-Yodo1MasSdkDemo-resources-${CONFIGURATION}-output-files.xcfilelist",
			);
			runOnlyForDeploymentPostprocessing = 0;
			shellPath = /bin/sh;
			shellScript = "\"${PODS_ROOT}/Target Support Files/Pods-Yodo1MasSdkDemo/Pods-Yodo1MasSdkDemo-resources.sh\"\n";
			showEnvVarsInLog = 0;
		};
		FEA119B5B83D9AB2C618A775 /* [CP] Check Pods Manifest.lock */ = {
			isa = PBXShellScriptBuildPhase;
			buildActionMask = 2147483647;
			files = (
			);
			inputFileListPaths = (
			);
			inputPaths = (
				"${PODS_PODFILE_DIR_PATH}/Podfile.lock",
				"${PODS_ROOT}/Manifest.lock",
			);
			name = "[CP] Check Pods Manifest.lock";
			outputFileListPaths = (
			);
			outputPaths = (
				"$(DERIVED_FILE_DIR)/Pods-Yodo1MasSdkDemoTests-checkManifestLockResult.txt",
			);
			runOnlyForDeploymentPostprocessing = 0;
			shellPath = /bin/sh;
			shellScript = "diff \"${PODS_PODFILE_DIR_PATH}/Podfile.lock\" \"${PODS_ROOT}/Manifest.lock\" > /dev/null\nif [ $? != 0 ] ; then\n    # print error to STDERR\n    echo \"error: The sandbox is not in sync with the Podfile.lock. Run 'pod install' or update your CocoaPods installation.\" >&2\n    exit 1\nfi\n# This output is used by Xcode 'outputs' to avoid re-running this script phase.\necho \"SUCCESS\" > \"${SCRIPT_OUTPUT_FILE_0}\"\n";
			showEnvVarsInLog = 0;
		};
/* End PBXShellScriptBuildPhase section */

/* Begin PBXSourcesBuildPhase section */
		B9A88A8F25AB3EEE00AC266B /* Sources */ = {
			isa = PBXSourcesBuildPhase;
			buildActionMask = 2147483647;
			files = (
				B9A88A9E25AB3EEE00AC266B /* ViewController.m in Sources */,
				B9A88A9825AB3EEE00AC266B /* AppDelegate.m in Sources */,
				B9A88AA925AB3EEF00AC266B /* main.m in Sources */,
				B9A88A9B25AB3EEE00AC266B /* SceneDelegate.m in Sources */,
			);
			runOnlyForDeploymentPostprocessing = 0;
		};
		B9A88AAA25AB3EEF00AC266B /* Sources */ = {
			isa = PBXSourcesBuildPhase;
			buildActionMask = 2147483647;
			files = (
				B9A88AB325AB3EEF00AC266B /* Yodo1MasSdkDemoTests.m in Sources */,
			);
			runOnlyForDeploymentPostprocessing = 0;
		};
		B9A88AB525AB3EEF00AC266B /* Sources */ = {
			isa = PBXSourcesBuildPhase;
			buildActionMask = 2147483647;
			files = (
				B9A88ABE25AB3EEF00AC266B /* Yodo1MasSdkDemoUITests.m in Sources */,
			);
			runOnlyForDeploymentPostprocessing = 0;
		};
/* End PBXSourcesBuildPhase section */

/* Begin PBXTargetDependency section */
		B9A88AB025AB3EEF00AC266B /* PBXTargetDependency */ = {
			isa = PBXTargetDependency;
			target = B9A88A9225AB3EEE00AC266B /* Yodo1MasSdkDemo */;
			targetProxy = B9A88AAF25AB3EEF00AC266B /* PBXContainerItemProxy */;
		};
		B9A88ABB25AB3EEF00AC266B /* PBXTargetDependency */ = {
			isa = PBXTargetDependency;
			target = B9A88A9225AB3EEE00AC266B /* Yodo1MasSdkDemo */;
			targetProxy = B9A88ABA25AB3EEF00AC266B /* PBXContainerItemProxy */;
		};
/* End PBXTargetDependency section */

/* Begin PBXVariantGroup section */
		B9A88A9F25AB3EEE00AC266B /* Main.storyboard */ = {
			isa = PBXVariantGroup;
			children = (
				B9A88AA025AB3EEE00AC266B /* Base */,
				B9A88B4325AC50C500AC266B /* zh-Hans */,
			);
			name = Main.storyboard;
			sourceTree = "<group>";
		};
		B9A88AA425AB3EEF00AC266B /* LaunchScreen.storyboard */ = {
			isa = PBXVariantGroup;
			children = (
				B9A88AA525AB3EEF00AC266B /* Base */,
				B9A88B4725AC50C500AC266B /* zh-Hans */,
			);
			name = LaunchScreen.storyboard;
			sourceTree = "<group>";
		};
		B9A88B4D25AC50D200AC266B /* InfoPlist.strings */ = {
			isa = PBXVariantGroup;
			children = (
				B9A88B4C25AC50D200AC266B /* en */,
				B9A88B5125AC50D700AC266B /* zh-Hans */,
			);
			name = InfoPlist.strings;
			sourceTree = "<group>";
		};
/* End PBXVariantGroup section */

/* Begin XCBuildConfiguration section */
		B9A88AC025AB3EEF00AC266B /* Debug */ = {
			isa = XCBuildConfiguration;
			buildSettings = {
				ALWAYS_SEARCH_USER_PATHS = NO;
				CLANG_ANALYZER_LOCALIZABILITY_NONLOCALIZED = YES;
				CLANG_ANALYZER_NONNULL = YES;
				CLANG_ANALYZER_NUMBER_OBJECT_CONVERSION = YES_AGGRESSIVE;
				CLANG_CXX_LANGUAGE_STANDARD = "gnu++14";
				CLANG_CXX_LIBRARY = "libc++";
				CLANG_ENABLE_MODULES = YES;
				CLANG_ENABLE_OBJC_ARC = YES;
				CLANG_ENABLE_OBJC_WEAK = YES;
				CLANG_WARN_BLOCK_CAPTURE_AUTORELEASING = YES;
				CLANG_WARN_BOOL_CONVERSION = YES;
				CLANG_WARN_COMMA = YES;
				CLANG_WARN_CONSTANT_CONVERSION = YES;
				CLANG_WARN_DEPRECATED_OBJC_IMPLEMENTATIONS = YES;
				CLANG_WARN_DIRECT_OBJC_ISA_USAGE = YES_ERROR;
				CLANG_WARN_DOCUMENTATION_COMMENTS = YES;
				CLANG_WARN_EMPTY_BODY = YES;
				CLANG_WARN_ENUM_CONVERSION = YES;
				CLANG_WARN_INFINITE_RECURSION = YES;
				CLANG_WARN_INT_CONVERSION = YES;
				CLANG_WARN_NON_LITERAL_NULL_CONVERSION = YES;
				CLANG_WARN_OBJC_IMPLICIT_RETAIN_SELF = YES;
				CLANG_WARN_OBJC_LITERAL_CONVERSION = YES;
				CLANG_WARN_OBJC_ROOT_CLASS = YES_ERROR;
				CLANG_WARN_QUOTED_INCLUDE_IN_FRAMEWORK_HEADER = YES;
				CLANG_WARN_RANGE_LOOP_ANALYSIS = YES;
				CLANG_WARN_STRICT_PROTOTYPES = YES;
				CLANG_WARN_SUSPICIOUS_MOVE = YES;
				CLANG_WARN_UNGUARDED_AVAILABILITY = YES_AGGRESSIVE;
				CLANG_WARN_UNREACHABLE_CODE = YES;
				CLANG_WARN__DUPLICATE_METHOD_MATCH = YES;
				COPY_PHASE_STRIP = NO;
				DEBUG_INFORMATION_FORMAT = dwarf;
				ENABLE_STRICT_OBJC_MSGSEND = YES;
				ENABLE_TESTABILITY = YES;
				GCC_C_LANGUAGE_STANDARD = gnu11;
				GCC_DYNAMIC_NO_PIC = NO;
				GCC_NO_COMMON_BLOCKS = YES;
				GCC_OPTIMIZATION_LEVEL = 0;
				GCC_PREPROCESSOR_DEFINITIONS = (
					"DEBUG=1",
					"$(inherited)",
				);
				GCC_WARN_64_TO_32_BIT_CONVERSION = YES;
				GCC_WARN_ABOUT_RETURN_TYPE = YES_ERROR;
				GCC_WARN_UNDECLARED_SELECTOR = YES;
				GCC_WARN_UNINITIALIZED_AUTOS = YES_AGGRESSIVE;
				GCC_WARN_UNUSED_FUNCTION = YES;
				GCC_WARN_UNUSED_VARIABLE = YES;
				IPHONEOS_DEPLOYMENT_TARGET = 14.3;
				MTL_ENABLE_DEBUG_INFO = INCLUDE_SOURCE;
				MTL_FAST_MATH = YES;
				ONLY_ACTIVE_ARCH = YES;
				SDKROOT = iphoneos;
			};
			name = Debug;
		};
		B9A88AC125AB3EEF00AC266B /* Release */ = {
			isa = XCBuildConfiguration;
			buildSettings = {
				ALWAYS_SEARCH_USER_PATHS = NO;
				CLANG_ANALYZER_LOCALIZABILITY_NONLOCALIZED = YES;
				CLANG_ANALYZER_NONNULL = YES;
				CLANG_ANALYZER_NUMBER_OBJECT_CONVERSION = YES_AGGRESSIVE;
				CLANG_CXX_LANGUAGE_STANDARD = "gnu++14";
				CLANG_CXX_LIBRARY = "libc++";
				CLANG_ENABLE_MODULES = YES;
				CLANG_ENABLE_OBJC_ARC = YES;
				CLANG_ENABLE_OBJC_WEAK = YES;
				CLANG_WARN_BLOCK_CAPTURE_AUTORELEASING = YES;
				CLANG_WARN_BOOL_CONVERSION = YES;
				CLANG_WARN_COMMA = YES;
				CLANG_WARN_CONSTANT_CONVERSION = YES;
				CLANG_WARN_DEPRECATED_OBJC_IMPLEMENTATIONS = YES;
				CLANG_WARN_DIRECT_OBJC_ISA_USAGE = YES_ERROR;
				CLANG_WARN_DOCUMENTATION_COMMENTS = YES;
				CLANG_WARN_EMPTY_BODY = YES;
				CLANG_WARN_ENUM_CONVERSION = YES;
				CLANG_WARN_INFINITE_RECURSION = YES;
				CLANG_WARN_INT_CONVERSION = YES;
				CLANG_WARN_NON_LITERAL_NULL_CONVERSION = YES;
				CLANG_WARN_OBJC_IMPLICIT_RETAIN_SELF = YES;
				CLANG_WARN_OBJC_LITERAL_CONVERSION = YES;
				CLANG_WARN_OBJC_ROOT_CLASS = YES_ERROR;
				CLANG_WARN_QUOTED_INCLUDE_IN_FRAMEWORK_HEADER = YES;
				CLANG_WARN_RANGE_LOOP_ANALYSIS = YES;
				CLANG_WARN_STRICT_PROTOTYPES = YES;
				CLANG_WARN_SUSPICIOUS_MOVE = YES;
				CLANG_WARN_UNGUARDED_AVAILABILITY = YES_AGGRESSIVE;
				CLANG_WARN_UNREACHABLE_CODE = YES;
				CLANG_WARN__DUPLICATE_METHOD_MATCH = YES;
				COPY_PHASE_STRIP = NO;
				DEBUG_INFORMATION_FORMAT = "dwarf-with-dsym";
				ENABLE_NS_ASSERTIONS = NO;
				ENABLE_STRICT_OBJC_MSGSEND = YES;
				GCC_C_LANGUAGE_STANDARD = gnu11;
				GCC_NO_COMMON_BLOCKS = YES;
				GCC_WARN_64_TO_32_BIT_CONVERSION = YES;
				GCC_WARN_ABOUT_RETURN_TYPE = YES_ERROR;
				GCC_WARN_UNDECLARED_SELECTOR = YES;
				GCC_WARN_UNINITIALIZED_AUTOS = YES_AGGRESSIVE;
				GCC_WARN_UNUSED_FUNCTION = YES;
				GCC_WARN_UNUSED_VARIABLE = YES;
				IPHONEOS_DEPLOYMENT_TARGET = 14.3;
				MTL_ENABLE_DEBUG_INFO = NO;
				MTL_FAST_MATH = YES;
				SDKROOT = iphoneos;
				VALIDATE_PRODUCT = YES;
			};
			name = Release;
		};
		B9A88AC325AB3EEF00AC266B /* Debug */ = {
			isa = XCBuildConfiguration;
			baseConfigurationReference = C6BEC552DCD8F5C85B694BB0 /* Pods-Yodo1MasSdkDemo.debug.xcconfig */;
			buildSettings = {
				ASSETCATALOG_COMPILER_APPICON_NAME = AppIcon;
				ASSETCATALOG_COMPILER_GLOBAL_ACCENT_COLOR_NAME = AccentColor;
				CODE_SIGN_STYLE = Automatic;
				DEVELOPMENT_TEAM = QK52KGCUT2;
				INFOPLIST_FILE = Yodo1MasSdkDemo/Info.plist;
				LD_RUNPATH_SEARCH_PATHS = (
					"$(inherited)",
					"@executable_path/Frameworks",
				);
				PRODUCT_BUNDLE_IDENTIFIER = com.yodo1.demo;
				PRODUCT_NAME = "$(TARGET_NAME)";
				TARGETED_DEVICE_FAMILY = "1,2";
			};
			name = Debug;
		};
		B9A88AC425AB3EEF00AC266B /* Release */ = {
			isa = XCBuildConfiguration;
			baseConfigurationReference = E35C888FF117A29F5BFF7877 /* Pods-Yodo1MasSdkDemo.release.xcconfig */;
			buildSettings = {
				ASSETCATALOG_COMPILER_APPICON_NAME = AppIcon;
				ASSETCATALOG_COMPILER_GLOBAL_ACCENT_COLOR_NAME = AccentColor;
				CODE_SIGN_STYLE = Automatic;
				DEVELOPMENT_TEAM = QK52KGCUT2;
				INFOPLIST_FILE = Yodo1MasSdkDemo/Info.plist;
				LD_RUNPATH_SEARCH_PATHS = (
					"$(inherited)",
					"@executable_path/Frameworks",
				);
				PRODUCT_BUNDLE_IDENTIFIER = com.yodo1.demo;
				PRODUCT_NAME = "$(TARGET_NAME)";
				TARGETED_DEVICE_FAMILY = "1,2";
			};
			name = Release;
		};
		B9A88AC625AB3EEF00AC266B /* Debug */ = {
			isa = XCBuildConfiguration;
			baseConfigurationReference = 1B83157A324E91EA897B385A /* Pods-Yodo1MasSdkDemoTests.debug.xcconfig */;
			buildSettings = {
				BUNDLE_LOADER = "$(TEST_HOST)";
				CODE_SIGN_STYLE = Automatic;
				DEVELOPMENT_TEAM = QK52KGCUT2;
				INFOPLIST_FILE = Yodo1MasSdkDemoTests/Info.plist;
				IPHONEOS_DEPLOYMENT_TARGET = 14.3;
				LD_RUNPATH_SEARCH_PATHS = (
					"$(inherited)",
					"@executable_path/Frameworks",
					"@loader_path/Frameworks",
				);
				PRODUCT_BUNDLE_IDENTIFIER = Yodo1.Yodo1MasSdkDemoTests;
				PRODUCT_NAME = "$(TARGET_NAME)";
				TARGETED_DEVICE_FAMILY = "1,2";
				TEST_HOST = "$(BUILT_PRODUCTS_DIR)/Yodo1MasSdkDemo.app/Yodo1MasSdkDemo";
			};
			name = Debug;
		};
		B9A88AC725AB3EEF00AC266B /* Release */ = {
			isa = XCBuildConfiguration;
			baseConfigurationReference = 766BBBD57295F9BA10F64199 /* Pods-Yodo1MasSdkDemoTests.release.xcconfig */;
			buildSettings = {
				BUNDLE_LOADER = "$(TEST_HOST)";
				CODE_SIGN_STYLE = Automatic;
				DEVELOPMENT_TEAM = QK52KGCUT2;
				INFOPLIST_FILE = Yodo1MasSdkDemoTests/Info.plist;
				IPHONEOS_DEPLOYMENT_TARGET = 14.3;
				LD_RUNPATH_SEARCH_PATHS = (
					"$(inherited)",
					"@executable_path/Frameworks",
					"@loader_path/Frameworks",
				);
				PRODUCT_BUNDLE_IDENTIFIER = Yodo1.Yodo1MasSdkDemoTests;
				PRODUCT_NAME = "$(TARGET_NAME)";
				TARGETED_DEVICE_FAMILY = "1,2";
				TEST_HOST = "$(BUILT_PRODUCTS_DIR)/Yodo1MasSdkDemo.app/Yodo1MasSdkDemo";
			};
			name = Release;
		};
		B9A88AC925AB3EEF00AC266B /* Debug */ = {
			isa = XCBuildConfiguration;
			baseConfigurationReference = 42AE3D6A1B72D741E97518E2 /* Pods-Yodo1MasSdkDemoUITests.debug.xcconfig */;
			buildSettings = {
				CODE_SIGN_STYLE = Automatic;
				DEVELOPMENT_TEAM = QK52KGCUT2;
				INFOPLIST_FILE = Yodo1MasSdkDemoUITests/Info.plist;
				LD_RUNPATH_SEARCH_PATHS = (
					"$(inherited)",
					"@executable_path/Frameworks",
					"@loader_path/Frameworks",
				);
				PRODUCT_BUNDLE_IDENTIFIER = Yodo1.Yodo1MasSdkDemoUITests;
				PRODUCT_NAME = "$(TARGET_NAME)";
				TARGETED_DEVICE_FAMILY = "1,2";
				TEST_TARGET_NAME = Yodo1MasSdkDemo;
			};
			name = Debug;
		};
		B9A88ACA25AB3EEF00AC266B /* Release */ = {
			isa = XCBuildConfiguration;
			baseConfigurationReference = A415AFDD1468E4A853AB5CB8 /* Pods-Yodo1MasSdkDemoUITests.release.xcconfig */;
			buildSettings = {
				CODE_SIGN_STYLE = Automatic;
				DEVELOPMENT_TEAM = QK52KGCUT2;
				INFOPLIST_FILE = Yodo1MasSdkDemoUITests/Info.plist;
				LD_RUNPATH_SEARCH_PATHS = (
					"$(inherited)",
					"@executable_path/Frameworks",
					"@loader_path/Frameworks",
				);
				PRODUCT_BUNDLE_IDENTIFIER = Yodo1.Yodo1MasSdkDemoUITests;
				PRODUCT_NAME = "$(TARGET_NAME)";
				TARGETED_DEVICE_FAMILY = "1,2";
				TEST_TARGET_NAME = Yodo1MasSdkDemo;
			};
			name = Release;
		};
/* End XCBuildConfiguration section */

/* Begin XCConfigurationList section */
		B9A88A8E25AB3EEE00AC266B /* Build configuration list for PBXProject "Yodo1MasSdkDemo" */ = {
			isa = XCConfigurationList;
			buildConfigurations = (
				B9A88AC025AB3EEF00AC266B /* Debug */,
				B9A88AC125AB3EEF00AC266B /* Release */,
			);
			defaultConfigurationIsVisible = 0;
			defaultConfigurationName = Release;
		};
		B9A88AC225AB3EEF00AC266B /* Build configuration list for PBXNativeTarget "Yodo1MasSdkDemo" */ = {
			isa = XCConfigurationList;
			buildConfigurations = (
				B9A88AC325AB3EEF00AC266B /* Debug */,
				B9A88AC425AB3EEF00AC266B /* Release */,
			);
			defaultConfigurationIsVisible = 0;
			defaultConfigurationName = Release;
		};
		B9A88AC525AB3EEF00AC266B /* Build configuration list for PBXNativeTarget "Yodo1MasSdkDemoTests" */ = {
			isa = XCConfigurationList;
			buildConfigurations = (
				B9A88AC625AB3EEF00AC266B /* Debug */,
				B9A88AC725AB3EEF00AC266B /* Release */,
			);
			defaultConfigurationIsVisible = 0;
			defaultConfigurationName = Release;
		};
		B9A88AC825AB3EEF00AC266B /* Build configuration list for PBXNativeTarget "Yodo1MasSdkDemoUITests" */ = {
			isa = XCConfigurationList;
			buildConfigurations = (
				B9A88AC925AB3EEF00AC266B /* Debug */,
				B9A88ACA25AB3EEF00AC266B /* Release */,
			);
			defaultConfigurationIsVisible = 0;
			defaultConfigurationName = Release;
		};
/* End XCConfigurationList section */
	};
	rootObject = B9A88A8B25AB3EEE00AC266B /* Project object */;
}
